
Microsoft Visual Studio Solution File, Format Version 12.00
# Visual Studio 15
VisualStudioVersion = 15.0.28307.102
MinimumVisualStudioVersion = 10.0.40219.1
Project("{FAE04EC0-301F-11D3-BF4B-00C04F79EFBC}") = "Pharmacy_AccM", "Pharmacy_AccM\Pharmacy_AccM.csproj", "{7394E0C7-C0D9-4DFA-8F96-B39A6B750855}"
EndProject
Global
	GlobalSection(SolutionConfigurationPlatforms) = preSolution
		Debug|Any CPU = Debug|Any CPU
		Release|Any CPU = Release|Any CPU
	EndGlobalSection
	GlobalSection(ProjectConfigurationPlatforms) = postSolution
		{7394E0C7-C0D9-4DFA-8F96-B39A6B750855}.Debug|Any CPU.ActiveCfg = Debug|Any CPU
		{7394E0C7-C0D9-4DFA-8F96-B39A6B750855}.Debug|Any CPU.Build.0 = Debug|Any CPU
		{7394E0C7-C0D9-4DFA-8F96-B39A6B750855}.Release|Any CPU.ActiveCfg = Release|Any CPU
		{7394E0C7-C0D9-4DFA-8F96-B39A6B750855}.Release|Any CPU.Build.0 = Release|Any CPU
	EndGlobalSection
	GlobalSection(SolutionProperties) = preSolution
		HideSolutionNode = FALSE
	EndGlobalSection
	GlobalSection(ExtensibilityGlobals) = postSolution
		SolutionGuid = {EB8BFCCD-9BBE-46DE-89B5-2BF2EDC3D2DB}
	EndGlobalSection
EndGlobal
